// !$*UTF8*$!
{
	archiveVersion = 1;
	classes = {
	};
	objectVersion = 48;
	objects = {

/* Begin PBXBuildFile section */
		C8ED545F20EC60E000A5BB28 /* AppDelegate.swift in Sources */ = {isa = PBXBuildFile; fileRef = C8ED545E20EC60E000A5BB28 /* AppDelegate.swift */; };
		C8ED546120EC60E000A5BB28 /* ViewController.swift in Sources */ = {isa = PBXBuildFile; fileRef = C8ED546020EC60E000A5BB28 /* ViewController.swift */; };
		C8ED546420EC60E000A5BB28 /* Main.storyboard in Resources */ = {isa = PBXBuildFile; fileRef = C8ED546220EC60E000A5BB28 /* Main.storyboard */; };
		C8ED546620EC60E000A5BB28 /* Assets.xcassets in Resources */ = {isa = PBXBuildFile; fileRef = C8ED546520EC60E000A5BB28 /* Assets.xcassets */; };
		C8ED546920EC60E000A5BB28 /* LaunchScreen.storyboard in Resources */ = {isa = PBXBuildFile; fileRef = C8ED546720EC60E000A5BB28 /* LaunchScreen.storyboard */; };
		C8ED547420EC60E000A5BB28 /* testTests.swift in Sources */ = {isa = PBXBuildFile; fileRef = C8ED547320EC60E000A5BB28 /* testTests.swift */; };
		C8ED547F20EC60E000A5BB28 /* testUITests.swift in Sources */ = {isa = PBXBuildFile; fileRef = C8ED547E20EC60E000A5BB28 /* testUITests.swift */; };
/* End PBXBuildFile section */

/* Begin PBXContainerItemProxy section */
		C8ED547020EC60E000A5BB28 /* PBXContainerItemProxy */ = {
			isa = PBXContainerItemProxy;
			containerPortal = C8ED545320EC60E000A5BB28 /* Project object */;
			proxyType = 1;
			remoteGlobalIDString = C8ED545A20EC60E000A5BB28;
			remoteInfo = test;
		};
		C8ED547B20EC60E000A5BB28 /* PBXContainerItemProxy */ = {
			isa = PBXContainerItemProxy;
			containerPortal = C8ED545320EC60E000A5BB28 /* Project object */;
			proxyType = 1;
			remoteGlobalIDString = C8ED545A20EC60E000A5BB28;
			remoteInfo = test;
		};
/* End PBXContainerItemProxy section */

/* Begin PBXFileReference section */
		C8ED545B20EC60E000A5BB28 /* test.app */ = {isa = PBXFileReference; explicitFileType = wrapper.application; includeInIndex = 0; path = test.app; sourceTree = BUILT_PRODUCTS_DIR; };
		C8ED545E20EC60E000A5BB28 /* AppDelegate.swift */ = {isa = PBXFileReference; lastKnownFileType = sourcecode.swift; path = AppDelegate.swift; sourceTree = "<group>"; };
		C8ED546020EC60E000A5BB28 /* ViewController.swift */ = {isa = PBXFileReference; lastKnownFileType = sourcecode.swift; path = ViewController.swift; sourceTree = "<group>"; };
		C8ED546320EC60E000A5BB28 /* Base */ = {isa = PBXFileReference; lastKnownFileType = file.storyboard; name = Base; path = Base.lproj/Main.storyboard; sourceTree = "<group>"; };
		C8ED546520EC60E000A5BB28 /* Assets.xcassets */ = {isa = PBXFileReference; lastKnownFileType = folder.assetcatalog; path = Assets.xcassets; sourceTree = "<group>"; };
		C8ED546820EC60E000A5BB28 /* Base */ = {isa = PBXFileReference; lastKnownFileType = file.storyboard; name = Base; path = Base.lproj/LaunchScreen.storyboard; sourceTree = "<group>"; };
		C8ED546A20EC60E000A5BB28 /* Info.plist */ = {isa = PBXFileReference; lastKnownFileType = text.plist.xml; path = Info.plist; sourceTree = "<group>"; };
		C8ED546F20EC60E000A5BB28 /* testTests.xctest */ = {isa = PBXFileReference; explicitFileType = wrapper.cfbundle; includeInIndex = 0; path = testTests.xctest; sourceTree = BUILT_PRODUCTS_DIR; };
		C8ED547320EC60E000A5BB28 /* testTests.swift */ = {isa = PBXFileReference; lastKnownFileType = sourcecode.swift; path = testTests.swift; sourceTree = "<group>"; };
		C8ED547520EC60E000A5BB28 /* Info.plist */ = {isa = PBXFileReference; lastKnownFileType = text.plist.xml; path = Info.plist; sourceTree = "<group>"; };
		C8ED547A20EC60E000A5BB28 /* testUITests.xctest */ = {isa = PBXFileReference; explicitFileType = wrapper.cfbundle; includeInIndex = 0; path = testUITests.xctest; sourceTree = BUILT_PRODUCTS_DIR; };
		C8ED547E20EC60E000A5BB28 /* testUITests.swift */ = {isa = PBXFileReference; lastKnownFileType = sourcecode.swift; path = testUITests.swift; sourceTree = "<group>"; };
		C8ED548020EC60E000A5BB28 /* Info.plist */ = {isa = PBXFileReference; lastKnownFileType = text.plist.xml; path = Info.plist; sourceTree = "<group>"; };
/* End PBXFileReference section */

/* Begin PBXFrameworksBuildPhase section */
		C8ED545820EC60E000A5BB28 /* Frameworks */ = {
			isa = PBXFrameworksBuildPhase;
			buildActionMask = 2147483647;
			files = (
			);
			runOnlyForDeploymentPostprocessing = 0;
		};
		C8ED546C20EC60E000A5BB28 /* Frameworks */ = {
			isa = PBXFrameworksBuildPhase;
			buildActionMask = 2147483647;
			files = (
			);
			runOnlyForDeploymentPostprocessing = 0;
		};
		C8ED547720EC60E000A5BB28 /* Frameworks */ = {
			isa = PBXFrameworksBuildPhase;
			buildActionMask = 2147483647;
			files = (
			);
			runOnlyForDeploymentPostprocessing = 0;
		};
/* End PBXFrameworksBuildPhase section */

/* Begin PBXGroup section */
		C8ED545220EC60E000A5BB28 = {
			isa = PBXGroup;
			children = (
				C8ED545D20EC60E000A5BB28 /* test */,
				C8ED547220EC60E000A5BB28 /* testTests */,
				C8ED547D20EC60E000A5BB28 /* testUITests */,
				C8ED545C20EC60E000A5BB28 /* Products */,
			);
			sourceTree = "<group>";
		};
		C8ED545C20EC60E000A5BB28 /* Products */ = {
			isa = PBXGroup;
			children = (
				C8ED545B20EC60E000A5BB28 /* test.app */,
				C8ED546F20EC60E000A5BB28 /* testTests.xctest */,
				C8ED547A20EC60E000A5BB28 /* testUITests.xctest */,
			);
			name = Products;
			sourceTree = "<group>";
		};
		C8ED545D20EC60E000A5BB28 /* test */ = {
			isa = PBXGroup;
			children = (
				C8ED545E20EC60E000A5BB28 /* AppDelegate.swift */,
				C8ED546020EC60E000A5BB28 /* ViewController.swift */,
				C8ED546220EC60E000A5BB28 /* Main.storyboard */,
				C8ED546520EC60E000A5BB28 /* Assets.xcassets */,
				C8ED546720EC60E000A5BB28 /* LaunchScreen.storyboard */,
				C8ED546A20EC60E000A5BB28 /* Info.plist */,
			);
			path = test;
			sourceTree = "<group>";
		};
		C8ED547220EC60E000A5BB28 /* testTests */ = {
			isa = PBXGroup;
			children = (
				C8ED547320EC60E000A5BB28 /* testTests.swift */,
				C8ED547520EC60E000A5BB28 /* Info.plist */,
			);
			path = testTests;
			sourceTree = "<group>";
		};
		C8ED547D20EC60E000A5BB28 /* testUITests */ = {
			isa = PBXGroup;
			children = (
				C8ED547E20EC60E000A5BB28 /* testUITests.swift */,
				C8ED548020EC60E000A5BB28 /* Info.plist */,
			);
			path = testUITests;
			sourceTree = "<group>";
		};
/* End PBXGroup section */

/* Begin PBXNativeTarget section */
		C8ED545A20EC60E000A5BB28 /* test */ = {
			isa = PBXNativeTarget;
			buildConfigurationList = C8ED548320EC60E000A5BB28 /* Build configuration list for PBXNativeTarget "test" */;
			buildPhases = (
				C8ED545720EC60E000A5BB28 /* Sources */,
				C8ED545820EC60E000A5BB28 /* Frameworks */,
				C8ED545920EC60E000A5BB28 /* Resources */,
			);
			buildRules = (
			);
			dependencies = (
			);
			name = test;
			productName = test;
			productReference = C8ED545B20EC60E000A5BB28 /* test.app */;
			productType = "com.apple.product-type.application";
		};
		C8ED546E20EC60E000A5BB28 /* testTests */ = {
			isa = PBXNativeTarget;
			buildConfigurationList = C8ED548620EC60E000A5BB28 /* Build configuration list for PBXNativeTarget "testTests" */;
			buildPhases = (
				C8ED546B20EC60E000A5BB28 /* Sources */,
				C8ED546C20EC60E000A5BB28 /* Frameworks */,
				C8ED546D20EC60E000A5BB28 /* Resources */,
			);
			buildRules = (
			);
			dependencies = (
				C8ED547120EC60E000A5BB28 /* PBXTargetDependency */,
			);
			name = testTests;
			productName = testTests;
			productReference = C8ED546F20EC60E000A5BB28 /* testTests.xctest */;
			productType = "com.apple.product-type.bundle.unit-test";
		};
		C8ED547920EC60E000A5BB28 /* testUITests */ = {
			isa = PBXNativeTarget;
			buildConfigurationList = C8ED548920EC60E000A5BB28 /* Build configuration list for PBXNativeTarget "testUITests" */;
			buildPhases = (
				C8ED547620EC60E000A5BB28 /* Sources */,
				C8ED547720EC60E000A5BB28 /* Frameworks */,
				C8ED547820EC60E000A5BB28 /* Resources */,
			);
			buildRules = (
			);
			dependencies = (
				C8ED547C20EC60E000A5BB28 /* PBXTargetDependency */,
			);
			name = testUITests;
			productName = testUITests;
			productReference = C8ED547A20EC60E000A5BB28 /* testUITests.xctest */;
			productType = "com.apple.product-type.bundle.ui-testing";
		};
/* End PBXNativeTarget section */

/* Begin PBXProject section */
		C8ED545320EC60E000A5BB28 /* Project object */ = {
			isa = PBXProject;
			attributes = {
				LastSwiftUpdateCheck = 0920;
				LastUpgradeCheck = 0920;
				ORGANIZATIONNAME = "Ha Thi Hoan";
				TargetAttributes = {
					C8ED545A20EC60E000A5BB28 = {
						CreatedOnToolsVersion = 9.2;
						ProvisioningStyle = Automatic;
					};
					C8ED546E20EC60E000A5BB28 = {
						CreatedOnToolsVersion = 9.2;
						ProvisioningStyle = Automatic;
						TestTargetID = C8ED545A20EC60E000A5BB28;
					};
					C8ED547920EC60E000A5BB28 = {
						CreatedOnToolsVersion = 9.2;
						ProvisioningStyle = Automatic;
						TestTargetID = C8ED545A20EC60E000A5BB28;
					};
				};
			};
			buildConfigurationList = C8ED545620EC60E000A5BB28 /* Build configuration list for PBXProject "test" */;
			compatibilityVersion = "Xcode 8.0";
			developmentRegion = en;
			hasScannedForEncodings = 0;
			knownRegions = (
				en,
				Base,
			);
			mainGroup = C8ED545220EC60E000A5BB28;
			productRefGroup = C8ED545C20EC60E000A5BB28 /* Products */;
			projectDirPath = "";
			projectRoot = "";
			targets = (
				C8ED545A20EC60E000A5BB28 /* test */,
				C8ED546E20EC60E000A5BB28 /* testTests */,
				C8ED547920EC60E000A5BB28 /* testUITests */,
			);
		};
/* End PBXProject section */

/* Begin PBXResourcesBuildPhase section */
		C8ED545920EC60E000A5BB28 /* Resources */ = {
			isa = PBXResourcesBuildPhase;
			buildActionMask = 2147483647;
			files = (
				C8ED546920EC60E000A5BB28 /* LaunchScreen.storyboard in Resources */,
				C8ED546620EC60E000A5BB28 /* Assets.xcassets in Resources */,
				C8ED546420EC60E000A5BB28 /* Main.storyboard in Resources */,
			);
			runOnlyForDeploymentPostprocessing = 0;
		};
		C8ED546D20EC60E000A5BB28 /* Resources */ = {
			isa = PBXResourcesBuildPhase;
			buildActionMask = 2147483647;
			files = (
			);
			runOnlyForDeploymentPostprocessing = 0;
		};
		C8ED547820EC60E000A5BB28 /* Resources */ = {
			isa = PBXResourcesBuildPhase;
			buildActionMask = 2147483647;
			files = (
			);
			runOnlyForDeploymentPostprocessing = 0;
		};
/* End PBXResourcesBuildPhase section */

/* Begin PBXSourcesBuildPhase section */
		C8ED545720EC60E000A5BB28 /* Sources */ = {
			isa = PBXSourcesBuildPhase;
			buildActionMask = 2147483647;
			files = (
				C8ED546120EC60E000A5BB28 /* ViewController.swift in Sources */,
				C8ED545F20EC60E000A5BB28 /* AppDelegate.swift in Sources */,
			);
			runOnlyForDeploymentPostprocessing = 0;
		};
		C8ED546B20EC60E000A5BB28 /* Sources */ = {
			isa = PBXSourcesBuildPhase;
			buildActionMask = 2147483647;
			files = (
				C8ED547420EC60E000A5BB28 /* testTests.swift in Sources */,
			);
			runOnlyForDeploymentPostprocessing = 0;
		};
		C8ED547620EC60E000A5BB28 /* Sources */ = {
			isa = PBXSourcesBuildPhase;
			buildActionMask = 2147483647;
			files = (
				C8ED547F20EC60E000A5BB28 /* testUITests.swift in Sources */,
			);
			runOnlyForDeploymentPostprocessing = 0;
		};
/* End PBXSourcesBuildPhase section */

/* Begin PBXTargetDependency section */
		C8ED547120EC60E000A5BB28 /* PBXTargetDependency */ = {
			isa = PBXTargetDependency;
			target = C8ED545A20EC60E000A5BB28 /* test */;
			targetProxy = C8ED547020EC60E000A5BB28 /* PBXContainerItemProxy */;
		};
		C8ED547C20EC60E000A5BB28 /* PBXTargetDependency */ = {
			isa = PBXTargetDependency;
			target = C8ED545A20EC60E000A5BB28 /* test */;
			targetProxy = C8ED547B20EC60E000A5BB28 /* PBXContainerItemProxy */;
		};
/* End PBXTargetDependency section */

/* Begin PBXVariantGroup section */
		C8ED546220EC60E000A5BB28 /* Main.storyboard */ = {
			isa = PBXVariantGroup;
			children = (
				C8ED546320EC60E000A5BB28 /* Base */,
			);
			name = Main.storyboard;
			sourceTree = "<group>";
		};
		C8ED546720EC60E000A5BB28 /* LaunchScreen.storyboard */ = {
			isa = PBXVariantGroup;
			children = (
				C8ED546820EC60E000A5BB28 /* Base */,
			);
			name = LaunchScreen.storyboard;
			sourceTree = "<group>";
		};
/* End PBXVariantGroup section */

/* Begin XCBuildConfiguration section */
		C8ED548120EC60E000A5BB28 /* Debug */ = {
			isa = XCBuildConfiguration;
			buildSettings = {
				ALWAYS_SEARCH_USER_PATHS = NO;
				CLANG_ANALYZER_NONNULL = YES;
				CLANG_ANALYZER_NUMBER_OBJECT_CONVERSION = YES_AGGRESSIVE;
				CLANG_CXX_LANGUAGE_STANDARD = "gnu++14";
				CLANG_CXX_LIBRARY = "libc++";
				CLANG_ENABLE_MODULES = YES;
				CLANG_ENABLE_OBJC_ARC = YES;
				CLANG_WARN_BLOCK_CAPTURE_AUTORELEASING = YES;
				CLANG_WARN_BOOL_CONVERSION = YES;
				CLANG_WARN_COMMA = YES;
				CLANG_WARN_CONSTANT_CONVERSION = YES;
				CLANG_WARN_DIRECT_OBJC_ISA_USAGE = YES_ERROR;
				CLANG_WARN_DOCUMENTATION_COMMENTS = YES;
				CLANG_WARN_EMPTY_BODY = YES;
				CLANG_WARN_ENUM_CONVERSION = YES;
				CLANG_WARN_INFINITE_RECURSION = YES;
				CLANG_WARN_INT_CONVERSION = YES;
				CLANG_WARN_NON_LITERAL_NULL_CONVERSION = YES;
				CLANG_WARN_OBJC_LITERAL_CONVERSION = YES;
				CLANG_WARN_OBJC_ROOT_CLASS = YES_ERROR;
				CLANG_WARN_RANGE_LOOP_ANALYSIS = YES;
				CLANG_WARN_STRICT_PROTOTYPES = YES;
				CLANG_WARN_SUSPICIOUS_MOVE = YES;
				CLANG_WARN_UNGUARDED_AVAILABILITY = YES_AGGRESSIVE;
				CLANG_WARN_UNREACHABLE_CODE = YES;
				CLANG_WARN__DUPLICATE_METHOD_MATCH = YES;
				CODE_SIGN_IDENTITY = "iPhone Developer";
				COPY_PHASE_STRIP = NO;
				DEBUG_INFORMATION_FORMAT = dwarf;
				ENABLE_STRICT_OBJC_MSGSEND = YES;
				ENABLE_TESTABILITY = YES;
				GCC_C_LANGUAGE_STANDARD = gnu11;
				GCC_DYNAMIC_NO_PIC = NO;
				GCC_NO_COMMON_BLOCKS = YES;
				GCC_OPTIMIZATION_LEVEL = 0;
				GCC_PREPROCESSOR_DEFINITIONS = (
					"DEBUG=1",
					"$(inherited)",
				);
				GCC_WARN_64_TO_32_BIT_CONVERSION = YES;
				GCC_WARN_ABOUT_RETURN_TYPE = YES_ERROR;
				GCC_WARN_UNDECLARED_SELECTOR = YES;
				GCC_WARN_UNINITIALIZED_AUTOS = YES_AGGRESSIVE;
				GCC_WARN_UNUSED_FUNCTION = YES;
				GCC_WARN_UNUSED_VARIABLE = YES;
				IPHONEOS_DEPLOYMENT_TARGET = 11.2;
				MTL_ENABLE_DEBUG_INFO = YES;
				ONLY_ACTIVE_ARCH = YES;
				SDKROOT = iphoneos;
				SWIFT_ACTIVE_COMPILATION_CONDITIONS = DEBUG;
				SWIFT_OPTIMIZATION_LEVEL = "-Onone";
			};
			name = Debug;
		};
		C8ED548220EC60E000A5BB28 /* Release */ = {
			isa = XCBuildConfiguration;
			buildSettings = {
				ALWAYS_SEARCH_USER_PATHS = NO;
				CLANG_ANALYZER_NONNULL = YES;
				CLANG_ANALYZER_NUMBER_OBJECT_CONVERSION = YES_AGGRESSIVE;
				CLANG_CXX_LANGUAGE_STANDARD = "gnu++14";
				CLANG_CXX_LIBRARY = "libc++";
				CLANG_ENABLE_MODULES = YES;
				CLANG_ENABLE_OBJC_ARC = YES;
				CLANG_WARN_BLOCK_CAPTURE_AUTORELEASING = YES;
				CLANG_WARN_BOOL_CONVERSION = YES;
				CLANG_WARN_COMMA = YES;
				CLANG_WARN_CONSTANT_CONVERSION = YES;
				CLANG_WARN_DIRECT_OBJC_ISA_USAGE = YES_ERROR;
				CLANG_WARN_DOCUMENTATION_COMMENTS = YES;
				CLANG_WARN_EMPTY_BODY = YES;
				CLANG_WARN_ENUM_CONVERSION = YES;
				CLANG_WARN_INFINITE_RECURSION = YES;
				CLANG_WARN_INT_CONVERSION = YES;
				CLANG_WARN_NON_LITERAL_NULL_CONVERSION = YES;
				CLANG_WARN_OBJC_LITERAL_CONVERSION = YES;
				CLANG_WARN_OBJC_ROOT_CLASS = YES_ERROR;
				CLANG_WARN_RANGE_LOOP_ANALYSIS = YES;
				CLANG_WARN_STRICT_PROTOTYPES = YES;
				CLANG_WARN_SUSPICIOUS_MOVE = YES;
				CLANG_WARN_UNGUARDED_AVAILABILITY = YES_AGGRESSIVE;
				CLANG_WARN_UNREACHABLE_CODE = YES;
				CLANG_WARN__DUPLICATE_METHOD_MATCH = YES;
				CODE_SIGN_IDENTITY = "iPhone Developer";
				COPY_PHASE_STRIP = NO;
				DEBUG_INFORMATION_FORMAT = "dwarf-with-dsym";
				ENABLE_NS_ASSERTIONS = NO;
				ENABLE_STRICT_OBJC_MSGSEND = YES;
				GCC_C_LANGUAGE_STANDARD = gnu11;
				GCC_NO_COMMON_BLOCKS = YES;
				GCC_WARN_64_TO_32_BIT_CONVERSION = YES;
				GCC_WARN_ABOUT_RETURN_TYPE = YES_ERROR;
				GCC_WARN_UNDECLARED_SELECTOR = YES;
				GCC_WARN_UNINITIALIZED_AUTOS = YES_AGGRESSIVE;
				GCC_WARN_UNUSED_FUNCTION = YES;
				GCC_WARN_UNUSED_VARIABLE = YES;
				IPHONEOS_DEPLOYMENT_TARGET = 11.2;
				MTL_ENABLE_DEBUG_INFO = NO;
				SDKROOT = iphoneos;
				SWIFT_OPTIMIZATION_LEVEL = "-Owholemodule";
				VALIDATE_PRODUCT = YES;
			};
			name = Release;
		};
		C8ED548420EC60E000A5BB28 /* Debug */ = {
			isa = XCBuildConfiguration;
			buildSettings = {
				ASSETCATALOG_COMPILER_APPICON_NAME = AppIcon;
				CODE_SIGN_STYLE = Automatic;
				INFOPLIST_FILE = test/Info.plist;
				LD_RUNPATH_SEARCH_PATHS = "$(inherited) @executable_path/Frameworks";
				PRODUCT_BUNDLE_IDENTIFIER = hoan.test;
				PRODUCT_NAME = "$(TARGET_NAME)";
				SWIFT_VERSION = 4.0;
				TARGETED_DEVICE_FAMILY = "1,2";
			};
			name = Debug;
		};
		C8ED548520EC60E000A5BB28 /* Release */ = {
			isa = XCBuildConfiguration;
			buildSettings = {
				ASSETCATALOG_COMPILER_APPICON_NAME = AppIcon;
				CODE_SIGN_STYLE = Automatic;
				INFOPLIST_FILE = test/Info.plist;
				LD_RUNPATH_SEARCH_PATHS = "$(inherited) @executable_path/Frameworks";
				PRODUCT_BUNDLE_IDENTIFIER = hoan.test;
				PRODUCT_NAME = "$(TARGET_NAME)";
				SWIFT_VERSION = 4.0;
				TARGETED_DEVICE_FAMILY = "1,2";
			};
			name = Release;
		};
		C8ED548720EC60E000A5BB28 /* Debug */ = {
			isa = XCBuildConfiguration;
			buildSettings = {
				ALWAYS_EMBED_SWIFT_STANDARD_LIBRARIES = YES;
				BUNDLE_LOADER = "$(TEST_HOST)";
				CODE_SIGN_STYLE = Automatic;
				INFOPLIST_FILE = testTests/Info.plist;
				LD_RUNPATH_SEARCH_PATHS = "$(inherited) @executable_path/Frameworks @loader_path/Frameworks";
				PRODUCT_BUNDLE_IDENTIFIER = hoan.testTests;
				PRODUCT_NAME = "$(TARGET_NAME)";
				SWIFT_VERSION = 4.0;
				TARGETED_DEVICE_FAMILY = "1,2";
				TEST_HOST = "$(BUILT_PRODUCTS_DIR)/test.app/test";
			};
			name = Debug;
		};
		C8ED548820EC60E000A5BB28 /* Release */ = {
			isa = XCBuildConfiguration;
			buildSettings = {
				ALWAYS_EMBED_SWIFT_STANDARD_LIBRARIES = YES;
				BUNDLE_LOADER = "$(TEST_HOST)";
				CODE_SIGN_STYLE = Automatic;
				INFOPLIST_FILE = testTests/Info.plist;
				LD_RUNPATH_SEARCH_PATHS = "$(inherited) @executable_path/Frameworks @loader_path/Frameworks";
				PRODUCT_BUNDLE_IDENTIFIER = hoan.testTests;
				PRODUCT_NAME = "$(TARGET_NAME)";
				SWIFT_VERSION = 4.0;
				TARGETED_DEVICE_FAMILY = "1,2";
				TEST_HOST = "$(BUILT_PRODUCTS_DIR)/test.app/test";
			};
			name = Release;
		};
		C8ED548A20EC60E000A5BB28 /* Debug */ = {
			isa = XCBuildConfiguration;
			buildSettings = {
				ALWAYS_EMBED_SWIFT_STANDARD_LIBRARIES = YES;
				CODE_SIGN_STYLE = Automatic;
				INFOPLIST_FILE = testUITests/Info.plist;
				LD_RUNPATH_SEARCH_PATHS = "$(inherited) @executable_path/Frameworks @loader_path/Frameworks";
				PRODUCT_BUNDLE_IDENTIFIER = hoan.testUITests;
				PRODUCT_NAME = "$(TARGET_NAME)";
				SWIFT_VERSION = 4.0;
				TARGETED_DEVICE_FAMILY = "1,2";
				TEST_TARGET_NAME = test;
			};
			name = Debug;
		};
		C8ED548B20EC60E000A5BB28 /* Release */ = {
			isa = XCBuildConfiguration;
			buildSettings = {
				ALWAYS_EMBED_SWIFT_STANDARD_LIBRARIES = YES;
				CODE_SIGN_STYLE = Automatic;
				INFOPLIST_FILE = testUITests/Info.plist;
				LD_RUNPATH_SEARCH_PATHS = "$(inherited) @executable_path/Frameworks @loader_path/Frameworks";
				PRODUCT_BUNDLE_IDENTIFIER = hoan.testUITests;
				PRODUCT_NAME = "$(TARGET_NAME)";
				SWIFT_VERSION = 4.0;
				TARGETED_DEVICE_FAMILY = "1,2";
				TEST_TARGET_NAME = test;
			};
			name = Release;
		};
/* End XCBuildConfiguration section */

/* Begin XCConfigurationList section */
		C8ED545620EC60E000A5BB28 /* Build configuration list for PBXProject "test" */ = {
			isa = XCConfigurationList;
			buildConfigurations = (
				C8ED548120EC60E000A5BB28 /* Debug */,
				C8ED548220EC60E000A5BB28 /* Release */,
			);
			defaultConfigurationIsVisible = 0;
			defaultConfigurationName = Release;
		};
		C8ED548320EC60E000A5BB28 /* Build configuration list for PBXNativeTarget "test" */ = {
			isa = XCConfigurationList;
			buildConfigurations = (
				C8ED548420EC60E000A5BB28 /* Debug */,
				C8ED548520EC60E000A5BB28 /* Release */,
			);
			defaultConfigurationIsVisible = 0;
			defaultConfigurationName = Release;
		};
		C8ED548620EC60E000A5BB28 /* Build configuration list for PBXNativeTarget "testTests" */ = {
			isa = XCConfigurationList;
			buildConfigurations = (
				C8ED548720EC60E000A5BB28 /* Debug */,
				C8ED548820EC60E000A5BB28 /* Release */,
			);
			defaultConfigurationIsVisible = 0;
			defaultConfigurationName = Release;
		};
		C8ED548920EC60E000A5BB28 /* Build configuration list for PBXNativeTarget "testUITests" */ = {
			isa = XCConfigurationList;
			buildConfigurations = (
				C8ED548A20EC60E000A5BB28 /* Debug */,
				C8ED548B20EC60E000A5BB28 /* Release */,
			);
			defaultConfigurationIsVisible = 0;
			defaultConfigurationName = Release;
		};
/* End XCConfigurationList section */
	};
	rootObject = C8ED545320EC60E000A5BB28 /* Project object */;
}
